
Microsoft Visual Studio Solution File, Format Version 12.00
# Visual Studio 15
VisualStudioVersion = 15.0.26430.14
MinimumVisualStudioVersion = 10.0.40219.1
Project("{2150E333-8FDC-42A3-9474-1A3956D46DE8}") = "AdvancedTrafficSim.Models", "AdvancedTrafficSim.Models", "{7BE80E2E-CBBC-41E4-AECF-6F6FFE4BC412}"
EndProject
Project("{FAE04EC0-301F-11D3-BF4B-00C04F79EFBC}") = "AdvancedTrafficSim.Models.PublicTransport", "AdvancedTrafficSim.Models.PublicTransport\AdvancedTrafficSim.Models.PublicTransport.csproj", "{3FE39AE4-B1F9-4A85-B057-5A3F4B8019F7}"
EndProject
Project("{2150E333-8FDC-42A3-9474-1A3956D46DE8}") = "AdvancedTrafficSim.Editor", "AdvancedTrafficSim.Editor", "{49B4CF08-F5F7-4F70-9085-7F1DC133CAF4}"
EndProject
Global
	GlobalSection(SolutionConfigurationPlatforms) = preSolution
		Debug|Any CPU = Debug|Any CPU
		Release|Any CPU = Release|Any CPU
	EndGlobalSection
	GlobalSection(ProjectConfigurationPlatforms) = postSolution
		{3FE39AE4-B1F9-4A85-B057-5A3F4B8019F7}.Debug|Any CPU.ActiveCfg = Debug|Any CPU
		{3FE39AE4-B1F9-4A85-B057-5A3F4B8019F7}.Debug|Any CPU.Build.0 = Debug|Any CPU
		{3FE39AE4-B1F9-4A85-B057-5A3F4B8019F7}.Release|Any CPU.ActiveCfg = Release|Any CPU
		{3FE39AE4-B1F9-4A85-B057-5A3F4B8019F7}.Release|Any CPU.Build.0 = Release|Any CPU
	EndGlobalSection
	GlobalSection(SolutionProperties) = preSolution
		HideSolutionNode = FALSE
	EndGlobalSection
	GlobalSection(NestedProjects) = preSolution
		{3FE39AE4-B1F9-4A85-B057-5A3F4B8019F7} = {7BE80E2E-CBBC-41E4-AECF-6F6FFE4BC412}
	EndGlobalSection
EndGlobal
