
Microsoft Visual Studio Solution File, Format Version 12.00
# Visual Studio 15
VisualStudioVersion = 15.0.26430.14
MinimumVisualStudioVersion = 10.0.40219.1
Project("{2150E333-8FDC-42A3-9474-1A3956D46DE8}") = "TrafficSim.Models", "TrafficSim.Models", "{537B59AB-3999-4C5F-A732-010841CE4A35}"
EndProject
Project("{FAE04EC0-301F-11D3-BF4B-00C04F79EFBC}") = "TrafficSim.Models.PublicTransport", "TrafficSim.Models.PublicTransport\TrafficSim.Models.PublicTransport.csproj", "{D9E1C6A1-5BC7-4089-BAD5-6E6BF02201E3}"
EndProject
Project("{FAE04EC0-301F-11D3-BF4B-00C04F79EFBC}") = "TrafficSim.Models.Vehicles", "TrafficSim.Models.Vehicles\TrafficSim.Models.Vehicles.csproj", "{F6536B95-6D3A-4535-91C0-FD8210D8349F}"
EndProject
Project("{9A19103F-16F7-4668-BE54-9A1E7A4F7556}") = "TrafficSim.Models.Map.RoadNetwork", "TrafficSim.Models.Map.RoadNetwork\TrafficSim.Models.Map.RoadNetwork.csproj", "{B0852E6D-948F-4431-ABF8-710EA1058D6A}"
EndProject
Project("{FAE04EC0-301F-11D3-BF4B-00C04F79EFBC}") = "TrafficSim.Models.Map.Scenery", "TrafficSim.Models.Map.Scenery\TrafficSim.Models.Map.Scenery.csproj", "{1E44437C-632E-48A4-B10E-E36048155A45}"
EndProject
Project("{2150E333-8FDC-42A3-9474-1A3956D46DE8}") = "TrafficSim.Models.Map", "TrafficSim.Models.Map", "{2589A276-56E7-4122-AA8F-0DAFF93E3D67}"
EndProject
Project("{2150E333-8FDC-42A3-9474-1A3956D46DE8}") = "TrafficSim.Server", "TrafficSim.Server", "{35DAF4C2-DBDF-4DE4-B897-E15D2E7E8E81}"
EndProject
Project("{2150E333-8FDC-42A3-9474-1A3956D46DE8}") = "TrafficSim.Editor", "TrafficSim.Editor", "{86B54552-BBE9-459B-95F2-A4D7157FE5D9}"
EndProject
Project("{2150E333-8FDC-42A3-9474-1A3956D46DE8}") = "TrafficSim.Data", "TrafficSim.Data", "{C16D5228-D3B6-497D-8771-42CDDF70C12F}"
EndProject
Project("{FAE04EC0-301F-11D3-BF4B-00C04F79EFBC}") = "TrafficSim.Data.PublicTransport", "TrafficSim.Data.PublicTransport\TrafficSim.Data.PublicTransport.csproj", "{AAE6AC88-F493-422B-8118-604EB30EF3C3}"
EndProject
Global
	GlobalSection(SolutionConfigurationPlatforms) = preSolution
		Debug|Any CPU = Debug|Any CPU
		Release|Any CPU = Release|Any CPU
	EndGlobalSection
	GlobalSection(ProjectConfigurationPlatforms) = postSolution
		{D9E1C6A1-5BC7-4089-BAD5-6E6BF02201E3}.Debug|Any CPU.ActiveCfg = Debug|Any CPU
		{D9E1C6A1-5BC7-4089-BAD5-6E6BF02201E3}.Debug|Any CPU.Build.0 = Debug|Any CPU
		{D9E1C6A1-5BC7-4089-BAD5-6E6BF02201E3}.Release|Any CPU.ActiveCfg = Release|Any CPU
		{D9E1C6A1-5BC7-4089-BAD5-6E6BF02201E3}.Release|Any CPU.Build.0 = Release|Any CPU
		{F6536B95-6D3A-4535-91C0-FD8210D8349F}.Debug|Any CPU.ActiveCfg = Debug|Any CPU
		{F6536B95-6D3A-4535-91C0-FD8210D8349F}.Debug|Any CPU.Build.0 = Debug|Any CPU
		{F6536B95-6D3A-4535-91C0-FD8210D8349F}.Release|Any CPU.ActiveCfg = Release|Any CPU
		{F6536B95-6D3A-4535-91C0-FD8210D8349F}.Release|Any CPU.Build.0 = Release|Any CPU
		{B0852E6D-948F-4431-ABF8-710EA1058D6A}.Debug|Any CPU.ActiveCfg = Debug|Any CPU
		{B0852E6D-948F-4431-ABF8-710EA1058D6A}.Debug|Any CPU.Build.0 = Debug|Any CPU
		{B0852E6D-948F-4431-ABF8-710EA1058D6A}.Release|Any CPU.ActiveCfg = Release|Any CPU
		{B0852E6D-948F-4431-ABF8-710EA1058D6A}.Release|Any CPU.Build.0 = Release|Any CPU
		{1E44437C-632E-48A4-B10E-E36048155A45}.Debug|Any CPU.ActiveCfg = Debug|Any CPU
		{1E44437C-632E-48A4-B10E-E36048155A45}.Debug|Any CPU.Build.0 = Debug|Any CPU
		{1E44437C-632E-48A4-B10E-E36048155A45}.Release|Any CPU.ActiveCfg = Release|Any CPU
		{1E44437C-632E-48A4-B10E-E36048155A45}.Release|Any CPU.Build.0 = Release|Any CPU
		{AAE6AC88-F493-422B-8118-604EB30EF3C3}.Debug|Any CPU.ActiveCfg = Debug|Any CPU
		{AAE6AC88-F493-422B-8118-604EB30EF3C3}.Debug|Any CPU.Build.0 = Debug|Any CPU
		{AAE6AC88-F493-422B-8118-604EB30EF3C3}.Release|Any CPU.ActiveCfg = Release|Any CPU
		{AAE6AC88-F493-422B-8118-604EB30EF3C3}.Release|Any CPU.Build.0 = Release|Any CPU
	EndGlobalSection
	GlobalSection(SolutionProperties) = preSolution
		HideSolutionNode = FALSE
	EndGlobalSection
	GlobalSection(NestedProjects) = preSolution
		{D9E1C6A1-5BC7-4089-BAD5-6E6BF02201E3} = {537B59AB-3999-4C5F-A732-010841CE4A35}
		{F6536B95-6D3A-4535-91C0-FD8210D8349F} = {537B59AB-3999-4C5F-A732-010841CE4A35}
		{B0852E6D-948F-4431-ABF8-710EA1058D6A} = {2589A276-56E7-4122-AA8F-0DAFF93E3D67}
		{1E44437C-632E-48A4-B10E-E36048155A45} = {2589A276-56E7-4122-AA8F-0DAFF93E3D67}
		{2589A276-56E7-4122-AA8F-0DAFF93E3D67} = {537B59AB-3999-4C5F-A732-010841CE4A35}
		{AAE6AC88-F493-422B-8118-604EB30EF3C3} = {C16D5228-D3B6-497D-8771-42CDDF70C12F}
	EndGlobalSection
EndGlobal
